{
  "originHash" : "15017237ed50e6cba1473c0c28d6e3f6e62e97daadd2e316b464df9576d5e72d",
  "pins" : [
    {
      "identity" : "bigint",
      "kind" : "remoteSourceControl",
      "location" : "https://github.com/attaswift/BigInt.git",
      "state" : {
        "revision" : "e07e00fa1fd435143a2dcf8b7eec9a7710b2fdfe",
        "version" : "5.7.0"
      }
    },
    {
      "identity" : "swift-numerics",
      "kind" : "remoteSourceControl",
      "location" : "https://github.com/apple/swift-numerics",
      "state" : {
        "revision" : "0c0290ff6b24942dadb83a929ffaaa1481df04a2",
        "version" : "1.1.1"
      }
    },
    {
      "identity" : "xestinumbers",
      "kind" : "remoteSourceControl",
      "location" : "https://github.com/eBardX/XestiNumbers.git",
      "state" : {
        "revision" : "96eeaff8b89f5d9ff094d1a8555f3303918d8022",
        "version" : "1.1.2"
      }
    },
    {
      "identity" : "xestitools",
      "kind" : "remoteSourceControl",
      "location" : "https://github.com/eBardX/XestiTools.git",
      "state" : {
        "revision" : "05991497b8c7cb5ccfd4c9440c5b8548f6989ab3",
        "version" : "9.1.0"
      }
    }
  ],
  "version" : 3
}
